// !$*UTF8*$!
{
	archiveVersion = 1;
	classes = {
	};
	objectVersion = 46;
	objects = {

/* Begin PBXBuildFile section */
		279D46D11E321714006DABC9 /* AppDelegate.swift in Sources */ = {isa = PBXBuildFile; fileRef = 279D46D01E321714006DABC9 /* AppDelegate.swift */; };
		279D46D31E321714006DABC9 /* ViewController.swift in Sources */ = {isa = PBXBuildFile; fileRef = 279D46D21E321714006DABC9 /* ViewController.swift */; };
		279D46D61E321714006DABC9 /* Main.storyboard in Resources */ = {isa = PBXBuildFile; fileRef = 279D46D41E321714006DABC9 /* Main.storyboard */; };
		279D46D91E321714006DABC9 /* PruebaContextosMultiples.xcdatamodeld in Sources */ = {isa = PBXBuildFile; fileRef = 279D46D71E321714006DABC9 /* PruebaContextosMultiples.xcdatamodeld */; };
		279D46DB1E321714006DABC9 /* Assets.xcassets in Resources */ = {isa = PBXBuildFile; fileRef = 279D46DA1E321714006DABC9 /* Assets.xcassets */; };
		279D46DE1E321714006DABC9 /* LaunchScreen.storyboard in Resources */ = {isa = PBXBuildFile; fileRef = 279D46DC1E321714006DABC9 /* LaunchScreen.storyboard */; };
		279D46E61E32177F006DABC9 /* DataUtils.swift in Sources */ = {isa = PBXBuildFile; fileRef = 279D46E51E32177F006DABC9 /* DataUtils.swift */; };
		279D46E91E321807006DABC9 /* Nota+CoreDataClass.swift in Sources */ = {isa = PBXBuildFile; fileRef = 279D46E71E321807006DABC9 /* Nota+CoreDataClass.swift */; };
		279D46EA1E321807006DABC9 /* Nota+CoreDataProperties.swift in Sources */ = {isa = PBXBuildFile; fileRef = 279D46E81E321807006DABC9 /* Nota+CoreDataProperties.swift */; };
/* End PBXBuildFile section */

/* Begin PBXFileReference section */
		279D46CD1E321714006DABC9 /* PruebaContextosMultiples.app */ = {isa = PBXFileReference; explicitFileType = wrapper.application; includeInIndex = 0; path = PruebaContextosMultiples.app; sourceTree = BUILT_PRODUCTS_DIR; };
		279D46D01E321714006DABC9 /* AppDelegate.swift */ = {isa = PBXFileReference; lastKnownFileType = sourcecode.swift; path = AppDelegate.swift; sourceTree = "<group>"; };
		279D46D21E321714006DABC9 /* ViewController.swift */ = {isa = PBXFileReference; lastKnownFileType = sourcecode.swift; path = ViewController.swift; sourceTree = "<group>"; };
		279D46D51E321714006DABC9 /* Base */ = {isa = PBXFileReference; lastKnownFileType = file.storyboard; name = Base; path = Base.lproj/Main.storyboard; sourceTree = "<group>"; };
		279D46D81E321714006DABC9 /* PruebaContextosMultiples.xcdatamodel */ = {isa = PBXFileReference; lastKnownFileType = wrapper.xcdatamodel; path = PruebaContextosMultiples.xcdatamodel; sourceTree = "<group>"; };
		279D46DA1E321714006DABC9 /* Assets.xcassets */ = {isa = PBXFileReference; lastKnownFileType = folder.assetcatalog; path = Assets.xcassets; sourceTree = "<group>"; };
		279D46DD1E321714006DABC9 /* Base */ = {isa = PBXFileReference; lastKnownFileType = file.storyboard; name = Base; path = Base.lproj/LaunchScreen.storyboard; sourceTree = "<group>"; };
		279D46DF1E321714006DABC9 /* Info.plist */ = {isa = PBXFileReference; lastKnownFileType = text.plist.xml; path = Info.plist; sourceTree = "<group>"; };
		279D46E51E32177F006DABC9 /* DataUtils.swift */ = {isa = PBXFileReference; fileEncoding = 4; lastKnownFileType = sourcecode.swift; path = DataUtils.swift; sourceTree = "<group>"; };
		279D46E71E321807006DABC9 /* Nota+CoreDataClass.swift */ = {isa = PBXFileReference; fileEncoding = 4; lastKnownFileType = sourcecode.swift; path = "Nota+CoreDataClass.swift"; sourceTree = "<group>"; };
		279D46E81E321807006DABC9 /* Nota+CoreDataProperties.swift */ = {isa = PBXFileReference; fileEncoding = 4; lastKnownFileType = sourcecode.swift; path = "Nota+CoreDataProperties.swift"; sourceTree = "<group>"; };
/* End PBXFileReference section */

/* Begin PBXFrameworksBuildPhase section */
		279D46CA1E321714006DABC9 /* Frameworks */ = {
			isa = PBXFrameworksBuildPhase;
			buildActionMask = 2147483647;
			files = (
			);
			runOnlyForDeploymentPostprocessing = 0;
		};
/* End PBXFrameworksBuildPhase section */

/* Begin PBXGroup section */
		279D46C41E321714006DABC9 = {
			isa = PBXGroup;
			children = (
				279D46CF1E321714006DABC9 /* PruebaContextosMultiples */,
				279D46CE1E321714006DABC9 /* Products */,
			);
			sourceTree = "<group>";
		};
		279D46CE1E321714006DABC9 /* Products */ = {
			isa = PBXGroup;
			children = (
				279D46CD1E321714006DABC9 /* PruebaContextosMultiples.app */,
			);
			name = Products;
			sourceTree = "<group>";
		};
		279D46CF1E321714006DABC9 /* PruebaContextosMultiples */ = {
			isa = PBXGroup;
			children = (
				279D46E71E321807006DABC9 /* Nota+CoreDataClass.swift */,
				279D46E81E321807006DABC9 /* Nota+CoreDataProperties.swift */,
				279D46D01E321714006DABC9 /* AppDelegate.swift */,
				279D46D21E321714006DABC9 /* ViewController.swift */,
				279D46D41E321714006DABC9 /* Main.storyboard */,
				279D46DA1E321714006DABC9 /* Assets.xcassets */,
				279D46DC1E321714006DABC9 /* LaunchScreen.storyboard */,
				279D46DF1E321714006DABC9 /* Info.plist */,
				279D46D71E321714006DABC9 /* PruebaContextosMultiples.xcdatamodeld */,
				279D46E51E32177F006DABC9 /* DataUtils.swift */,
			);
			path = PruebaContextosMultiples;
			sourceTree = "<group>";
		};
/* End PBXGroup section */

/* Begin PBXNativeTarget section */
		279D46CC1E321714006DABC9 /* PruebaContextosMultiples */ = {
			isa = PBXNativeTarget;
			buildConfigurationList = 279D46E21E321714006DABC9 /* Build configuration list for PBXNativeTarget "PruebaContextosMultiples" */;
			buildPhases = (
				279D46C91E321714006DABC9 /* Sources */,
				279D46CA1E321714006DABC9 /* Frameworks */,
				279D46CB1E321714006DABC9 /* Resources */,
			);
			buildRules = (
			);
			dependencies = (
			);
			name = PruebaContextosMultiples;
			productName = PruebaContextosMultiples;
			productReference = 279D46CD1E321714006DABC9 /* PruebaContextosMultiples.app */;
			productType = "com.apple.product-type.application";
		};
/* End PBXNativeTarget section */

/* Begin PBXProject section */
		279D46C51E321714006DABC9 /* Project object */ = {
			isa = PBXProject;
			attributes = {
				LastSwiftUpdateCheck = 0800;
				LastUpgradeCheck = 0900;
				ORGANIZATIONNAME = "Universidad de Alicante";
				TargetAttributes = {
					279D46CC1E321714006DABC9 = {
						CreatedOnToolsVersion = 8.0;
						LastSwiftMigration = 0900;
						ProvisioningStyle = Automatic;
					};
				};
			};
			buildConfigurationList = 279D46C81E321714006DABC9 /* Build configuration list for PBXProject "PruebaContextosMultiples" */;
			compatibilityVersion = "Xcode 3.2";
			developmentRegion = English;
			hasScannedForEncodings = 0;
			knownRegions = (
				en,
				Base,
			);
			mainGroup = 279D46C41E321714006DABC9;
			productRefGroup = 279D46CE1E321714006DABC9 /* Products */;
			projectDirPath = "";
			projectRoot = "";
			targets = (
				279D46CC1E321714006DABC9 /* PruebaContextosMultiples */,
			);
		};
/* End PBXProject section */

/* Begin PBXResourcesBuildPhase section */
		279D46CB1E321714006DABC9 /* Resources */ = {
			isa = PBXResourcesBuildPhase;
			buildActionMask = 2147483647;
			files = (
				279D46DE1E321714006DABC9 /* LaunchScreen.storyboard in Resources */,
				279D46DB1E321714006DABC9 /* Assets.xcassets in Resources */,
				279D46D61E321714006DABC9 /* Main.storyboard in Resources */,
			);
			runOnlyForDeploymentPostprocessing = 0;
		};
/* End PBXResourcesBuildPhase section */

/* Begin PBXSourcesBuildPhase section */
		279D46C91E321714006DABC9 /* Sources */ = {
			isa = PBXSourcesBuildPhase;
			buildActionMask = 2147483647;
			files = (
				279D46D91E321714006DABC9 /* PruebaContextosMultiples.xcdatamodeld in Sources */,
				279D46EA1E321807006DABC9 /* Nota+CoreDataProperties.swift in Sources */,
				279D46D31E321714006DABC9 /* ViewController.swift in Sources */,
				279D46D11E321714006DABC9 /* AppDelegate.swift in Sources */,
				279D46E91E321807006DABC9 /* Nota+CoreDataClass.swift in Sources */,
				279D46E61E32177F006DABC9 /* DataUtils.swift in Sources */,
			);
			runOnlyForDeploymentPostprocessing = 0;
		};
/* End PBXSourcesBuildPhase section */

/* Begin PBXVariantGroup section */
		279D46D41E321714006DABC9 /* Main.storyboard */ = {
			isa = PBXVariantGroup;
			children = (
				279D46D51E321714006DABC9 /* Base */,
			);
			name = Main.storyboard;
			sourceTree = "<group>";
		};
		279D46DC1E321714006DABC9 /* LaunchScreen.storyboard */ = {
			isa = PBXVariantGroup;
			children = (
				279D46DD1E321714006DABC9 /* Base */,
			);
			name = LaunchScreen.storyboard;
			sourceTree = "<group>";
		};
/* End PBXVariantGroup section */

/* Begin XCBuildConfiguration section */
		279D46E01E321714006DABC9 /* Debug */ = {
			isa = XCBuildConfiguration;
			buildSettings = {
				ALWAYS_SEARCH_USER_PATHS = NO;
				CLANG_ANALYZER_NONNULL = YES;
				CLANG_CXX_LANGUAGE_STANDARD = "gnu++0x";
				CLANG_CXX_LIBRARY = "libc++";
				CLANG_ENABLE_MODULES = YES;
				CLANG_ENABLE_OBJC_ARC = YES;
				CLANG_WARN_BLOCK_CAPTURE_AUTORELEASING = YES;
				CLANG_WARN_BOOL_CONVERSION = YES;
				CLANG_WARN_COMMA = YES;
				CLANG_WARN_CONSTANT_CONVERSION = YES;
				CLANG_WARN_DIRECT_OBJC_ISA_USAGE = YES_ERROR;
				CLANG_WARN_DOCUMENTATION_COMMENTS = YES;
				CLANG_WARN_EMPTY_BODY = YES;
				CLANG_WARN_ENUM_CONVERSION = YES;
				CLANG_WARN_INFINITE_RECURSION = YES;
				CLANG_WARN_INT_CONVERSION = YES;
				CLANG_WARN_NON_LITERAL_NULL_CONVERSION = YES;
				CLANG_WARN_OBJC_LITERAL_CONVERSION = YES;
				CLANG_WARN_OBJC_ROOT_CLASS = YES_ERROR;
				CLANG_WARN_RANGE_LOOP_ANALYSIS = YES;
				CLANG_WARN_STRICT_PROTOTYPES = YES;
				CLANG_WARN_SUSPICIOUS_MOVE = YES;
				CLANG_WARN_SUSPICIOUS_MOVES = YES;
				CLANG_WARN_UNREACHABLE_CODE = YES;
				CLANG_WARN__DUPLICATE_METHOD_MATCH = YES;
				"CODE_SIGN_IDENTITY[sdk=iphoneos*]" = "iPhone Developer";
				COPY_PHASE_STRIP = NO;
				DEBUG_INFORMATION_FORMAT = dwarf;
				ENABLE_STRICT_OBJC_MSGSEND = YES;
				ENABLE_TESTABILITY = YES;
				GCC_C_LANGUAGE_STANDARD = gnu99;
				GCC_DYNAMIC_NO_PIC = NO;
				GCC_NO_COMMON_BLOCKS = YES;
				GCC_OPTIMIZATION_LEVEL = 0;
				GCC_PREPROCESSOR_DEFINITIONS = (
					"DEBUG=1",
					"$(inherited)",
				);
				GCC_WARN_64_TO_32_BIT_CONVERSION = YES;
				GCC_WARN_ABOUT_RETURN_TYPE = YES_ERROR;
				GCC_WARN_UNDECLARED_SELECTOR = YES;
				GCC_WARN_UNINITIALIZED_AUTOS = YES_AGGRESSIVE;
				GCC_WARN_UNUSED_FUNCTION = YES;
				GCC_WARN_UNUSED_VARIABLE = YES;
				IPHONEOS_DEPLOYMENT_TARGET = 10.0;
				MTL_ENABLE_DEBUG_INFO = YES;
				ONLY_ACTIVE_ARCH = YES;
				SDKROOT = iphoneos;
				SWIFT_ACTIVE_COMPILATION_CONDITIONS = DEBUG;
				SWIFT_OPTIMIZATION_LEVEL = "-Onone";
			};
			name = Debug;
		};
		279D46E11E321714006DABC9 /* Release */ = {
			isa = XCBuildConfiguration;
			buildSettings = {
				ALWAYS_SEARCH_USER_PATHS = NO;
				CLANG_ANALYZER_NONNULL = YES;
				CLANG_CXX_LANGUAGE_STANDARD = "gnu++0x";
				CLANG_CXX_LIBRARY = "libc++";
				CLANG_ENABLE_MODULES = YES;
				CLANG_ENABLE_OBJC_ARC = YES;
				CLANG_WARN_BLOCK_CAPTURE_AUTORELEASING = YES;
				CLANG_WARN_BOOL_CONVERSION = YES;
				CLANG_WARN_COMMA = YES;
				CLANG_WARN_CONSTANT_CONVERSION = YES;
				CLANG_WARN_DIRECT_OBJC_ISA_USAGE = YES_ERROR;
				CLANG_WARN_DOCUMENTATION_COMMENTS = YES;
				CLANG_WARN_EMPTY_BODY = YES;
				CLANG_WARN_ENUM_CONVERSION = YES;
				CLANG_WARN_INFINITE_RECURSION = YES;
				CLANG_WARN_INT_CONVERSION = YES;
				CLANG_WARN_NON_LITERAL_NULL_CONVERSION = YES;
				CLANG_WARN_OBJC_LITERAL_CONVERSION = YES;
				CLANG_WARN_OBJC_ROOT_CLASS = YES_ERROR;
				CLANG_WARN_RANGE_LOOP_ANALYSIS = YES;
				CLANG_WARN_STRICT_PROTOTYPES = YES;
				CLANG_WARN_SUSPICIOUS_MOVE = YES;
				CLANG_WARN_SUSPICIOUS_MOVES = YES;
				CLANG_WARN_UNREACHABLE_CODE = YES;
				CLANG_WARN__DUPLICATE_METHOD_MATCH = YES;
				"CODE_SIGN_IDENTITY[sdk=iphoneos*]" = "iPhone Developer";
				COPY_PHASE_STRIP = NO;
				DEBUG_INFORMATION_FORMAT = "dwarf-with-dsym";
				ENABLE_NS_ASSERTIONS = NO;
				ENABLE_STRICT_OBJC_MSGSEND = YES;
				GCC_C_LANGUAGE_STANDARD = gnu99;
				GCC_NO_COMMON_BLOCKS = YES;
				GCC_WARN_64_TO_32_BIT_CONVERSION = YES;
				GCC_WARN_ABOUT_RETURN_TYPE = YES_ERROR;
				GCC_WARN_UNDECLARED_SELECTOR = YES;
				GCC_WARN_UNINITIALIZED_AUTOS = YES_AGGRESSIVE;
				GCC_WARN_UNUSED_FUNCTION = YES;
				GCC_WARN_UNUSED_VARIABLE = YES;
				IPHONEOS_DEPLOYMENT_TARGET = 10.0;
				MTL_ENABLE_DEBUG_INFO = NO;
				SDKROOT = iphoneos;
				SWIFT_OPTIMIZATION_LEVEL = "-Owholemodule";
				VALIDATE_PRODUCT = YES;
			};
			name = Release;
		};
		279D46E31E321714006DABC9 /* Debug */ = {
			isa = XCBuildConfiguration;
			buildSettings = {
				ASSETCATALOG_COMPILER_APPICON_NAME = AppIcon;
				INFOPLIST_FILE = PruebaContextosMultiples/Info.plist;
				LD_RUNPATH_SEARCH_PATHS = "$(inherited) @executable_path/Frameworks";
				PRODUCT_BUNDLE_IDENTIFIER = UA.PruebaContextosMultiples;
				PRODUCT_NAME = "$(TARGET_NAME)";
				SWIFT_VERSION = 4.0;
			};
			name = Debug;
		};
		279D46E41E321714006DABC9 /* Release */ = {
			isa = XCBuildConfiguration;
			buildSettings = {
				ASSETCATALOG_COMPILER_APPICON_NAME = AppIcon;
				INFOPLIST_FILE = PruebaContextosMultiples/Info.plist;
				LD_RUNPATH_SEARCH_PATHS = "$(inherited) @executable_path/Frameworks";
				PRODUCT_BUNDLE_IDENTIFIER = UA.PruebaContextosMultiples;
				PRODUCT_NAME = "$(TARGET_NAME)";
				SWIFT_VERSION = 4.0;
			};
			name = Release;
		};
/* End XCBuildConfiguration section */

/* Begin XCConfigurationList section */
		279D46C81E321714006DABC9 /* Build configuration list for PBXProject "PruebaContextosMultiples" */ = {
			isa = XCConfigurationList;
			buildConfigurations = (
				279D46E01E321714006DABC9 /* Debug */,
				279D46E11E321714006DABC9 /* Release */,
			);
			defaultConfigurationIsVisible = 0;
			defaultConfigurationName = Release;
		};
		279D46E21E321714006DABC9 /* Build configuration list for PBXNativeTarget "PruebaContextosMultiples" */ = {
			isa = XCConfigurationList;
			buildConfigurations = (
				279D46E31E321714006DABC9 /* Debug */,
				279D46E41E321714006DABC9 /* Release */,
			);
			defaultConfigurationIsVisible = 0;
			defaultConfigurationName = Release;
		};
/* End XCConfigurationList section */

/* Begin XCVersionGroup section */
		279D46D71E321714006DABC9 /* PruebaContextosMultiples.xcdatamodeld */ = {
			isa = XCVersionGroup;
			children = (
				279D46D81E321714006DABC9 /* PruebaContextosMultiples.xcdatamodel */,
			);
			currentVersion = 279D46D81E321714006DABC9 /* PruebaContextosMultiples.xcdatamodel */;
			path = PruebaContextosMultiples.xcdatamodeld;
			sourceTree = "<group>";
			versionGroupType = wrapper.xcdatamodel;
		};
/* End XCVersionGroup section */
	};
	rootObject = 279D46C51E321714006DABC9 /* Project object */;
}
